# This file is autogenerated, do not edit; changes may be undone by the next 'dep ensure'.


[[projects]]
  branch = "master"
  name = "github.com/NebulousLabs/demotemutex"
  packages = ["."]
  revision = "7a9e348a768ee181c876ca60334754e49dc7791b"

[[projects]]
  branch = "master"
  name = "github.com/NebulousLabs/errors"
  packages = ["."]
  revision = "9f787ce8f69e09481712408509caaa777701bc87"

[[projects]]
  branch = "master"
  name = "github.com/NebulousLabs/fastrand"
  packages = ["."]
  revision = "6fb6489aac4eae79e3f8112c21708191a7a90dd7"

[[projects]]
  branch = "master"
  name = "github.com/NebulousLabs/go-upnp"
  packages = ["."]
  revision = "b32978b8ccbffe222d6f37a980e795074ac2ba74"

[[projects]]
  branch = "master"
  name = "github.com/NebulousLabs/merkletree"
  packages = ["."]
  revision = "08d5d54b07f5e86a27f2d7431d0bc0300f5a9328"

[[projects]]
  name = "github.com/bgentry/speakeasy"
  packages = ["."]
  revision = "4aabc24848ce5fd31929f7d1e4ea74d3709c14cd"
  version = "v0.1.0"

[[projects]]
  name = "github.com/inconshreveable/mousetrap"
  packages = ["."]
  revision = "76626ae9c91c4f2a10f34cad8ce83ea42c93bb75"
  version = "v1.0"

[[projects]]
  name = "github.com/julienschmidt/httprouter"
  packages = ["."]
  revision = "348b672cd90d8190f8240323e372ecd1e66b59dc"
  version = "v1.2.0"

[[projects]]
  name = "github.com/pkg/errors"
  packages = ["."]
  revision = "ba968bfe8b2f7e042a574c888954fccecfa385b4"
  version = "v0.8.1"

[[projects]]
  branch = "master"
  name = "github.com/rivine/bbolt"
  packages = ["."]
  revision = "19c3af6fd3cefb5dc9c05dfc84122e8f74f92927"

[[projects]]
  name = "github.com/rivine/smux"
  packages = ["."]
  revision = "e28719eede1ac5714cf0b06ba2f403125864ebe0"
  version = "v1.0.7"

[[projects]]
  name = "github.com/spf13/cobra"
  packages = ["."]
  revision = "f2b07da1e2c38d5f12845a4f607e2e1018cbb1f5"
  version = "v0.0.5"

[[projects]]
  name = "github.com/spf13/pflag"
  packages = ["."]
  revision = "298182f68c66c05229eb03ac171abe6e309ee79a"
  version = "v1.0.3"

[[projects]]
  branch = "master"
  name = "github.com/threefoldtech/rivine"
  packages = [
    "build",
    "crypto",
    "modules",
    "modules/blockcreator",
    "modules/consensus",
    "modules/explorer",
    "modules/gateway",
    "modules/transactionpool",
    "modules/wallet",
    "persist",
    "pkg/api",
    "pkg/cli",
    "pkg/client",
    "pkg/daemon",
    "pkg/encoding/rivbin",
    "pkg/encoding/siabin",
    "sync",
    "types"
  ]
  revision = "99d9505f141c0c6692fc070f37196320bb3cc323"

[[projects]]
  branch = "master"
  name = "github.com/tyler-smith/go-bip39"
  packages = [
    ".",
    "wordlists"
  ]
  revision = "dbb3b84ba2ef14e894f5e33d6c6e43641e665738"

[[projects]]
  branch = "master"
  name = "gitlab.com/NebulousLabs/fastrand"
  packages = ["."]
  revision = "603482d69e405db4890e654c9807b4c772e86c81"

[[projects]]
  branch = "master"
  name = "gitlab.com/NebulousLabs/go-upnp"
  packages = [
    "goupnp",
    "goupnp/dcps/internetgateway1",
    "goupnp/httpu",
    "goupnp/scpd",
    "goupnp/soap",
    "goupnp/ssdp"
  ]
  revision = "3a71999ed0d393fba27f9c9b54f25a0943af97af"

[[projects]]
  branch = "master"
  name = "golang.org/x/crypto"
  packages = [
    "blake2b",
    "ed25519",
    "ed25519/internal/edwards25519",
    "pbkdf2",
    "twofish"
  ]
  revision = "cc06ce4a13d484c0101a9e92913248488a75786d"

[[projects]]
  branch = "master"
  name = "golang.org/x/net"
  packages = [
    "html",
    "html/atom",
    "html/charset"
  ]
  revision = "3b0461eec859c4b73bb64fdc8285971fd33e3938"

[[projects]]
  branch = "master"
  name = "golang.org/x/sys"
  packages = [
    "cpu",
    "unix"
  ]
  revision = "04f50cda93cbb67f2afa353c52f342100e80e625"

[[projects]]
  name = "golang.org/x/text"
  packages = [
    "encoding",
    "encoding/charmap",
    "encoding/htmlindex",
    "encoding/internal",
    "encoding/internal/identifier",
    "encoding/japanese",
    "encoding/korean",
    "encoding/simplifiedchinese",
    "encoding/traditionalchinese",
    "encoding/unicode",
    "internal/gen",
    "internal/language",
    "internal/language/compact",
    "internal/tag",
    "internal/utf8internal",
    "language",
    "runes",
    "transform",
    "unicode/cldr"
  ]
  revision = "342b2e1fbaa52c93f31447ad2c6abc048c63e475"
  version = "v0.3.2"

[solve-meta]
  analyzer-name = "dep"
  analyzer-version = 1
  inputs-digest = "a6a29db6b1aa84c338c733c71b36ee38deba74b129360b22eb3ef47001ccf8d5"
  solver-name = "gps-cdcl"
  solver-version = 1
